
Microsoft Visual Studio Solution File, Format Version 12.00
# Visual Studio Version 16
VisualStudioVersion = 16.0.31624.102
MinimumVisualStudioVersion = 10.0.40219.1
Project("{8BC9CEB8-8B4A-11D0-8D11-00A0C91BC942}") = "data structure1", "data structure1\data structure1.vcxproj", "{F957DB5A-A1A3-4230-AE38-122DB2FC426B}"
EndProject
Global
	GlobalSection(SolutionConfigurationPlatforms) = preSolution
		Debug|x64 = Debug|x64
		Debug|x86 = Debug|x86
		Release|x64 = Release|x64
		Release|x86 = Release|x86
	EndGlobalSection
	GlobalSection(ProjectConfigurationPlatforms) = postSolution
		{F957DB5A-A1A3-4230-AE38-122DB2FC426B}.Debug|x64.ActiveCfg = Debug|x64
		{F957DB5A-A1A3-4230-AE38-122DB2FC426B}.Debug|x64.Build.0 = Debug|x64
		{F957DB5A-A1A3-4230-AE38-122DB2FC426B}.Debug|x86.ActiveCfg = Debug|Win32
		{F957DB5A-A1A3-4230-AE38-122DB2FC426B}.Debug|x86.Build.0 = Debug|Win32
		{F957DB5A-A1A3-4230-AE38-122DB2FC426B}.Release|x64.ActiveCfg = Release|x64
		{F957DB5A-A1A3-4230-AE38-122DB2FC426B}.Release|x64.Build.0 = Release|x64
		{F957DB5A-A1A3-4230-AE38-122DB2FC426B}.Release|x86.ActiveCfg = Release|Win32
		{F957DB5A-A1A3-4230-AE38-122DB2FC426B}.Release|x86.Build.0 = Release|Win32
	EndGlobalSection
	GlobalSection(SolutionProperties) = preSolution
		HideSolutionNode = FALSE
	EndGlobalSection
	GlobalSection(ExtensibilityGlobals) = postSolution
		SolutionGuid = {B4B2BC80-DD87-467B-A275-30B8D0AE1BE1}
	EndGlobalSection
EndGlobal
